// !$*UTF8*$!
{
	archiveVersion = 1;
	classes = {
	};
	objectVersion = 50;
	objects = {

/* Begin PBXBuildFile section */
		2C5A5A06F9E1620EDFC5A0E4 /* libPods-FastDemo.a in Frameworks */ = {isa = PBXBuildFile; fileRef = 5FA0324D7333E19035AF3B05 /* libPods-FastDemo.a */; };
		9645721721AF8BF8009EDCEB /* AppDelegate.m in Sources */ = {isa = PBXBuildFile; fileRef = 9645721621AF8BF8009EDCEB /* AppDelegate.m */; };
		9645721A21AF8BF8009EDCEB /* ViewController.m in Sources */ = {isa = PBXBuildFile; fileRef = 9645721921AF8BF8009EDCEB /* ViewController.m */; };
		9645721D21AF8BF8009EDCEB /* Main.storyboard in Resources */ = {isa = PBXBuildFile; fileRef = 9645721B21AF8BF8009EDCEB /* Main.storyboard */; };
		9645721F21AF8BF9009EDCEB /* Assets.xcassets in Resources */ = {isa = PBXBuildFile; fileRef = 9645721E21AF8BF9009EDCEB /* Assets.xcassets */; };
		9645722221AF8BF9009EDCEB /* LaunchScreen.storyboard in Resources */ = {isa = PBXBuildFile; fileRef = 9645722021AF8BF9009EDCEB /* LaunchScreen.storyboard */; };
		9645722521AF8BF9009EDCEB /* main.m in Sources */ = {isa = PBXBuildFile; fileRef = 9645722421AF8BF9009EDCEB /* main.m */; };
		9645722F21AF8BF9009EDCEB /* FastDemoTests.m in Sources */ = {isa = PBXBuildFile; fileRef = 9645722E21AF8BF9009EDCEB /* FastDemoTests.m */; };
		9645723A21AF8BF9009EDCEB /* FastDemoUITests.m in Sources */ = {isa = PBXBuildFile; fileRef = 9645723921AF8BF9009EDCEB /* FastDemoUITests.m */; };
		9645724D21AF990C009EDCEB /* NSAttributedString+FDUtil.m in Sources */ = {isa = PBXBuildFile; fileRef = 9645724C21AF990C009EDCEB /* NSAttributedString+FDUtil.m */; };
		9645725021AF9AA7009EDCEB /* NSData+FDUtils.m in Sources */ = {isa = PBXBuildFile; fileRef = 9645724F21AF9AA7009EDCEB /* NSData+FDUtils.m */; };
		9645725321AF9B51009EDCEB /* NSData+CommonCrypto.m in Sources */ = {isa = PBXBuildFile; fileRef = 9645725121AF9B51009EDCEB /* NSData+CommonCrypto.m */; settings = {COMPILER_FLAGS = "-fno-objc-arc"; }; };
		9645725621AF9CE0009EDCEB /* NSString+FDUtils.m in Sources */ = {isa = PBXBuildFile; fileRef = 9645725521AF9CE0009EDCEB /* NSString+FDUtils.m */; };
		9645725A21AFB804009EDCEB /* FDNavigationBar.m in Sources */ = {isa = PBXBuildFile; fileRef = 9645725921AFB804009EDCEB /* FDNavigationBar.m */; };
		9645726021AFBAC3009EDCEB /* UIView+FDSeparatorView.m in Sources */ = {isa = PBXBuildFile; fileRef = 9645725F21AFBAC3009EDCEB /* UIView+FDSeparatorView.m */; };
		9645726321AFBCA5009EDCEB /* UIScreen+FDUtils.m in Sources */ = {isa = PBXBuildFile; fileRef = 9645726221AFBCA5009EDCEB /* UIScreen+FDUtils.m */; };
		9645726621AFC1AA009EDCEB /* UIViewController+FDNavigationBar.m in Sources */ = {isa = PBXBuildFile; fileRef = 9645726521AFC1AA009EDCEB /* UIViewController+FDNavigationBar.m */; };
		9645726A21AFCC86009EDCEB /* FDNetService.m in Sources */ = {isa = PBXBuildFile; fileRef = 9645726921AFCC86009EDCEB /* FDNetService.m */; };
		9645726E21AFD211009EDCEB /* FDRequestController.m in Sources */ = {isa = PBXBuildFile; fileRef = 9645726D21AFD211009EDCEB /* FDRequestController.m */; };
		9645727321B037DB009EDCEB /* FDRequestParamView.m in Sources */ = {isa = PBXBuildFile; fileRef = 9645727221B037DB009EDCEB /* FDRequestParamView.m */; };
		9645727621B0D05D009EDCEB /* FDDownloadController.m in Sources */ = {isa = PBXBuildFile; fileRef = 9645727521B0D05D009EDCEB /* FDDownloadController.m */; };
		9645727C21B0E74E009EDCEB /* FDDownloadRequestView.m in Sources */ = {isa = PBXBuildFile; fileRef = 9645727B21B0E74E009EDCEB /* FDDownloadRequestView.m */; };
		9645728221B0EB21009EDCEB /* RMDisplayLabel.m in Sources */ = {isa = PBXBuildFile; fileRef = 9645727F21B0EB21009EDCEB /* RMDisplayLabel.m */; };
		9645728321B0EB21009EDCEB /* RMDownloadIndicator.m in Sources */ = {isa = PBXBuildFile; fileRef = 9645728121B0EB21009EDCEB /* RMDownloadIndicator.m */; };
		9645728621B223B8009EDCEB /* FDFileDownloader.m in Sources */ = {isa = PBXBuildFile; fileRef = 9645728521B223B8009EDCEB /* FDFileDownloader.m */; };
		9645728921B226B4009EDCEB /* UIView+FDUtils.m in Sources */ = {isa = PBXBuildFile; fileRef = 9645728821B226B4009EDCEB /* UIView+FDUtils.m */; };
/* End PBXBuildFile section */

/* Begin PBXContainerItemProxy section */
		9645722B21AF8BF9009EDCEB /* PBXContainerItemProxy */ = {
			isa = PBXContainerItemProxy;
			containerPortal = 9645720A21AF8BF8009EDCEB /* Project object */;
			proxyType = 1;
			remoteGlobalIDString = 9645721121AF8BF8009EDCEB;
			remoteInfo = FastDemo;
		};
		9645723621AF8BF9009EDCEB /* PBXContainerItemProxy */ = {
			isa = PBXContainerItemProxy;
			containerPortal = 9645720A21AF8BF8009EDCEB /* Project object */;
			proxyType = 1;
			remoteGlobalIDString = 9645721121AF8BF8009EDCEB;
			remoteInfo = FastDemo;
		};
/* End PBXContainerItemProxy section */

/* Begin PBXFileReference section */
		2707151C4027D76844E18682 /* Pods-FastDemo.debug.xcconfig */ = {isa = PBXFileReference; includeInIndex = 1; lastKnownFileType = text.xcconfig; name = "Pods-FastDemo.debug.xcconfig"; path = "Pods/Target Support Files/Pods-FastDemo/Pods-FastDemo.debug.xcconfig"; sourceTree = "<group>"; };
		5FA0324D7333E19035AF3B05 /* libPods-FastDemo.a */ = {isa = PBXFileReference; explicitFileType = archive.ar; includeInIndex = 0; path = "libPods-FastDemo.a"; sourceTree = BUILT_PRODUCTS_DIR; };
		9645721221AF8BF8009EDCEB /* FastDemo.app */ = {isa = PBXFileReference; explicitFileType = wrapper.application; includeInIndex = 0; path = FastDemo.app; sourceTree = BUILT_PRODUCTS_DIR; };
		9645721521AF8BF8009EDCEB /* AppDelegate.h */ = {isa = PBXFileReference; lastKnownFileType = sourcecode.c.h; path = AppDelegate.h; sourceTree = "<group>"; };
		9645721621AF8BF8009EDCEB /* AppDelegate.m */ = {isa = PBXFileReference; lastKnownFileType = sourcecode.c.objc; path = AppDelegate.m; sourceTree = "<group>"; };
		9645721821AF8BF8009EDCEB /* ViewController.h */ = {isa = PBXFileReference; lastKnownFileType = sourcecode.c.h; path = ViewController.h; sourceTree = "<group>"; };
		9645721921AF8BF8009EDCEB /* ViewController.m */ = {isa = PBXFileReference; lastKnownFileType = sourcecode.c.objc; path = ViewController.m; sourceTree = "<group>"; };
		9645721C21AF8BF8009EDCEB /* Base */ = {isa = PBXFileReference; lastKnownFileType = file.storyboard; name = Base; path = Base.lproj/Main.storyboard; sourceTree = "<group>"; };
		9645721E21AF8BF9009EDCEB /* Assets.xcassets */ = {isa = PBXFileReference; lastKnownFileType = folder.assetcatalog; path = Assets.xcassets; sourceTree = "<group>"; };
		9645722121AF8BF9009EDCEB /* Base */ = {isa = PBXFileReference; lastKnownFileType = file.storyboard; name = Base; path = Base.lproj/LaunchScreen.storyboard; sourceTree = "<group>"; };
		9645722321AF8BF9009EDCEB /* Info.plist */ = {isa = PBXFileReference; lastKnownFileType = text.plist.xml; path = Info.plist; sourceTree = "<group>"; };
		9645722421AF8BF9009EDCEB /* main.m */ = {isa = PBXFileReference; lastKnownFileType = sourcecode.c.objc; path = main.m; sourceTree = "<group>"; };
		9645722A21AF8BF9009EDCEB /* FastDemoTests.xctest */ = {isa = PBXFileReference; explicitFileType = wrapper.cfbundle; includeInIndex = 0; path = FastDemoTests.xctest; sourceTree = BUILT_PRODUCTS_DIR; };
		9645722E21AF8BF9009EDCEB /* FastDemoTests.m */ = {isa = PBXFileReference; lastKnownFileType = sourcecode.c.objc; path = FastDemoTests.m; sourceTree = "<group>"; };
		9645723021AF8BF9009EDCEB /* Info.plist */ = {isa = PBXFileReference; lastKnownFileType = text.plist.xml; path = Info.plist; sourceTree = "<group>"; };
		9645723521AF8BF9009EDCEB /* FastDemoUITests.xctest */ = {isa = PBXFileReference; explicitFileType = wrapper.cfbundle; includeInIndex = 0; path = FastDemoUITests.xctest; sourceTree = BUILT_PRODUCTS_DIR; };
		9645723921AF8BF9009EDCEB /* FastDemoUITests.m */ = {isa = PBXFileReference; lastKnownFileType = sourcecode.c.objc; path = FastDemoUITests.m; sourceTree = "<group>"; };
		9645723B21AF8BF9009EDCEB /* Info.plist */ = {isa = PBXFileReference; lastKnownFileType = text.plist.xml; path = Info.plist; sourceTree = "<group>"; };
		9645724821AF8D53009EDCEB /* FDBlockContants.h */ = {isa = PBXFileReference; lastKnownFileType = sourcecode.c.h; path = FDBlockContants.h; sourceTree = "<group>"; };
		9645724921AF8DF0009EDCEB /* FDFuncations.h */ = {isa = PBXFileReference; lastKnownFileType = sourcecode.c.h; path = FDFuncations.h; sourceTree = "<group>"; };
		9645724B21AF990C009EDCEB /* NSAttributedString+FDUtil.h */ = {isa = PBXFileReference; lastKnownFileType = sourcecode.c.h; path = "NSAttributedString+FDUtil.h"; sourceTree = "<group>"; };
		9645724C21AF990C009EDCEB /* NSAttributedString+FDUtil.m */ = {isa = PBXFileReference; lastKnownFileType = sourcecode.c.objc; path = "NSAttributedString+FDUtil.m"; sourceTree = "<group>"; };
		9645724E21AF9AA7009EDCEB /* NSData+FDUtils.h */ = {isa = PBXFileReference; lastKnownFileType = sourcecode.c.h; path = "NSData+FDUtils.h"; sourceTree = "<group>"; };
		9645724F21AF9AA7009EDCEB /* NSData+FDUtils.m */ = {isa = PBXFileReference; lastKnownFileType = sourcecode.c.objc; path = "NSData+FDUtils.m"; sourceTree = "<group>"; };
		9645725121AF9B51009EDCEB /* NSData+CommonCrypto.m */ = {isa = PBXFileReference; fileEncoding = 4; lastKnownFileType = sourcecode.c.objc; path = "NSData+CommonCrypto.m"; sourceTree = "<group>"; };
		9645725221AF9B51009EDCEB /* NSData+CommonCrypto.h */ = {isa = PBXFileReference; fileEncoding = 4; lastKnownFileType = sourcecode.c.h; path = "NSData+CommonCrypto.h"; sourceTree = "<group>"; };
		9645725421AF9CE0009EDCEB /* NSString+FDUtils.h */ = {isa = PBXFileReference; lastKnownFileType = sourcecode.c.h; path = "NSString+FDUtils.h"; sourceTree = "<group>"; };
		9645725521AF9CE0009EDCEB /* NSString+FDUtils.m */ = {isa = PBXFileReference; lastKnownFileType = sourcecode.c.objc; path = "NSString+FDUtils.m"; sourceTree = "<group>"; };
		9645725821AFB804009EDCEB /* FDNavigationBar.h */ = {isa = PBXFileReference; lastKnownFileType = sourcecode.c.h; path = FDNavigationBar.h; sourceTree = "<group>"; };
		9645725921AFB804009EDCEB /* FDNavigationBar.m */ = {isa = PBXFileReference; lastKnownFileType = sourcecode.c.objc; path = FDNavigationBar.m; sourceTree = "<group>"; };
		9645725E21AFBAC3009EDCEB /* UIView+FDSeparatorView.h */ = {isa = PBXFileReference; lastKnownFileType = sourcecode.c.h; path = "UIView+FDSeparatorView.h"; sourceTree = "<group>"; };
		9645725F21AFBAC3009EDCEB /* UIView+FDSeparatorView.m */ = {isa = PBXFileReference; lastKnownFileType = sourcecode.c.objc; path = "UIView+FDSeparatorView.m"; sourceTree = "<group>"; };
		9645726121AFBCA5009EDCEB /* UIScreen+FDUtils.h */ = {isa = PBXFileReference; lastKnownFileType = sourcecode.c.h; path = "UIScreen+FDUtils.h"; sourceTree = "<group>"; };
		9645726221AFBCA5009EDCEB /* UIScreen+FDUtils.m */ = {isa = PBXFileReference; lastKnownFileType = sourcecode.c.objc; path = "UIScreen+FDUtils.m"; sourceTree = "<group>"; };
		9645726421AFC1AA009EDCEB /* UIViewController+FDNavigationBar.h */ = {isa = PBXFileReference; lastKnownFileType = sourcecode.c.h; path = "UIViewController+FDNavigationBar.h"; sourceTree = "<group>"; };
		9645726521AFC1AA009EDCEB /* UIViewController+FDNavigationBar.m */ = {isa = PBXFileReference; lastKnownFileType = sourcecode.c.objc; path = "UIViewController+FDNavigationBar.m"; sourceTree = "<group>"; };
		9645726821AFCC86009EDCEB /* FDNetService.h */ = {isa = PBXFileReference; lastKnownFileType = sourcecode.c.h; path = FDNetService.h; sourceTree = "<group>"; };
		9645726921AFCC86009EDCEB /* FDNetService.m */ = {isa = PBXFileReference; lastKnownFileType = sourcecode.c.objc; path = FDNetService.m; sourceTree = "<group>"; };
		9645726C21AFD211009EDCEB /* FDRequestController.h */ = {isa = PBXFileReference; lastKnownFileType = sourcecode.c.h; path = FDRequestController.h; sourceTree = "<group>"; };
		9645726D21AFD211009EDCEB /* FDRequestController.m */ = {isa = PBXFileReference; lastKnownFileType = sourcecode.c.objc; path = FDRequestController.m; sourceTree = "<group>"; };
		9645726F21AFD35C009EDCEB /* FDKit.h */ = {isa = PBXFileReference; lastKnownFileType = sourcecode.c.h; path = FDKit.h; sourceTree = "<group>"; };
		9645727121B037DB009EDCEB /* FDRequestParamView.h */ = {isa = PBXFileReference; lastKnownFileType = sourcecode.c.h; path = FDRequestParamView.h; sourceTree = "<group>"; };
		9645727221B037DB009EDCEB /* FDRequestParamView.m */ = {isa = PBXFileReference; lastKnownFileType = sourcecode.c.objc; path = FDRequestParamView.m; sourceTree = "<group>"; };
		9645727421B0D05D009EDCEB /* FDDownloadController.h */ = {isa = PBXFileReference; lastKnownFileType = sourcecode.c.h; path = FDDownloadController.h; sourceTree = "<group>"; };
		9645727521B0D05D009EDCEB /* FDDownloadController.m */ = {isa = PBXFileReference; lastKnownFileType = sourcecode.c.objc; path = FDDownloadController.m; sourceTree = "<group>"; };
		9645727A21B0E74E009EDCEB /* FDDownloadRequestView.h */ = {isa = PBXFileReference; lastKnownFileType = sourcecode.c.h; path = FDDownloadRequestView.h; sourceTree = "<group>"; };
		9645727B21B0E74E009EDCEB /* FDDownloadRequestView.m */ = {isa = PBXFileReference; lastKnownFileType = sourcecode.c.objc; path = FDDownloadRequestView.m; sourceTree = "<group>"; };
		9645727E21B0EB21009EDCEB /* RMDownloadIndicator.h */ = {isa = PBXFileReference; fileEncoding = 4; lastKnownFileType = sourcecode.c.h; path = RMDownloadIndicator.h; sourceTree = "<group>"; };
		9645727F21B0EB21009EDCEB /* RMDisplayLabel.m */ = {isa = PBXFileReference; fileEncoding = 4; lastKnownFileType = sourcecode.c.objc; path = RMDisplayLabel.m; sourceTree = "<group>"; };
		9645728021B0EB21009EDCEB /* RMDisplayLabel.h */ = {isa = PBXFileReference; fileEncoding = 4; lastKnownFileType = sourcecode.c.h; path = RMDisplayLabel.h; sourceTree = "<group>"; };
		9645728121B0EB21009EDCEB /* RMDownloadIndicator.m */ = {isa = PBXFileReference; fileEncoding = 4; lastKnownFileType = sourcecode.c.objc; path = RMDownloadIndicator.m; sourceTree = "<group>"; };
		9645728421B223B8009EDCEB /* FDFileDownloader.h */ = {isa = PBXFileReference; lastKnownFileType = sourcecode.c.h; path = FDFileDownloader.h; sourceTree = "<group>"; };
		9645728521B223B8009EDCEB /* FDFileDownloader.m */ = {isa = PBXFileReference; lastKnownFileType = sourcecode.c.objc; path = FDFileDownloader.m; sourceTree = "<group>"; };
		9645728721B226B4009EDCEB /* UIView+FDUtils.h */ = {isa = PBXFileReference; lastKnownFileType = sourcecode.c.h; path = "UIView+FDUtils.h"; sourceTree = "<group>"; };
		9645728821B226B4009EDCEB /* UIView+FDUtils.m */ = {isa = PBXFileReference; lastKnownFileType = sourcecode.c.objc; path = "UIView+FDUtils.m"; sourceTree = "<group>"; };
		9E9895EC9DC97AC80A86E92C /* Pods-FastDemo.release.xcconfig */ = {isa = PBXFileReference; includeInIndex = 1; lastKnownFileType = text.xcconfig; name = "Pods-FastDemo.release.xcconfig"; path = "Pods/Target Support Files/Pods-FastDemo/Pods-FastDemo.release.xcconfig"; sourceTree = "<group>"; };
/* End PBXFileReference section */

/* Begin PBXFrameworksBuildPhase section */
		9645720F21AF8BF8009EDCEB /* Frameworks */ = {
			isa = PBXFrameworksBuildPhase;
			buildActionMask = 2147483647;
			files = (
				2C5A5A06F9E1620EDFC5A0E4 /* libPods-FastDemo.a in Frameworks */,
			);
			runOnlyForDeploymentPostprocessing = 0;
		};
		9645722721AF8BF9009EDCEB /* Frameworks */ = {
			isa = PBXFrameworksBuildPhase;
			buildActionMask = 2147483647;
			files = (
			);
			runOnlyForDeploymentPostprocessing = 0;
		};
		9645723221AF8BF9009EDCEB /* Frameworks */ = {
			isa = PBXFrameworksBuildPhase;
			buildActionMask = 2147483647;
			files = (
			);
			runOnlyForDeploymentPostprocessing = 0;
		};
/* End PBXFrameworksBuildPhase section */

/* Begin PBXGroup section */
		0D78915D58DA2F2DB12D9B94 /* Frameworks */ = {
			isa = PBXGroup;
			children = (
				5FA0324D7333E19035AF3B05 /* libPods-FastDemo.a */,
			);
			name = Frameworks;
			sourceTree = "<group>";
		};
		605AAC6A2856FD40B585BF12 /* Pods */ = {
			isa = PBXGroup;
			children = (
				2707151C4027D76844E18682 /* Pods-FastDemo.debug.xcconfig */,
				9E9895EC9DC97AC80A86E92C /* Pods-FastDemo.release.xcconfig */,
			);
			name = Pods;
			sourceTree = "<group>";
		};
		9645720921AF8BF8009EDCEB = {
			isa = PBXGroup;
			children = (
				9645721421AF8BF8009EDCEB /* FastDemo */,
				9645722D21AF8BF9009EDCEB /* FastDemoTests */,
				9645723821AF8BF9009EDCEB /* FastDemoUITests */,
				9645721321AF8BF8009EDCEB /* Products */,
				605AAC6A2856FD40B585BF12 /* Pods */,
				0D78915D58DA2F2DB12D9B94 /* Frameworks */,
			);
			sourceTree = "<group>";
		};
		9645721321AF8BF8009EDCEB /* Products */ = {
			isa = PBXGroup;
			children = (
				9645721221AF8BF8009EDCEB /* FastDemo.app */,
				9645722A21AF8BF9009EDCEB /* FastDemoTests.xctest */,
				9645723521AF8BF9009EDCEB /* FastDemoUITests.xctest */,
			);
			name = Products;
			sourceTree = "<group>";
		};
		9645721421AF8BF8009EDCEB /* FastDemo */ = {
			isa = PBXGroup;
			children = (
				9645726721AFCC6F009EDCEB /* NetService */,
				9645725721AFB7DE009EDCEB /* EasyViews */,
				9645724A21AF98DB009EDCEB /* Categorys */,
				9645724721AF8CEF009EDCEB /* Funcations */,
				9645721521AF8BF8009EDCEB /* AppDelegate.h */,
				9645721621AF8BF8009EDCEB /* AppDelegate.m */,
				9645726B21AFD1E4009EDCEB /* DemoControllers */,
				9645721821AF8BF8009EDCEB /* ViewController.h */,
				9645721921AF8BF8009EDCEB /* ViewController.m */,
				9645721B21AF8BF8009EDCEB /* Main.storyboard */,
				9645721E21AF8BF9009EDCEB /* Assets.xcassets */,
				9645722021AF8BF9009EDCEB /* LaunchScreen.storyboard */,
				9645722321AF8BF9009EDCEB /* Info.plist */,
				9645722421AF8BF9009EDCEB /* main.m */,
			);
			path = FastDemo;
			sourceTree = "<group>";
		};
		9645722D21AF8BF9009EDCEB /* FastDemoTests */ = {
			isa = PBXGroup;
			children = (
				9645722E21AF8BF9009EDCEB /* FastDemoTests.m */,
				9645723021AF8BF9009EDCEB /* Info.plist */,
			);
			path = FastDemoTests;
			sourceTree = "<group>";
		};
		9645723821AF8BF9009EDCEB /* FastDemoUITests */ = {
			isa = PBXGroup;
			children = (
				9645723921AF8BF9009EDCEB /* FastDemoUITests.m */,
				9645723B21AF8BF9009EDCEB /* Info.plist */,
			);
			path = FastDemoUITests;
			sourceTree = "<group>";
		};
		9645724721AF8CEF009EDCEB /* Funcations */ = {
			isa = PBXGroup;
			children = (
				9645724821AF8D53009EDCEB /* FDBlockContants.h */,
				9645724921AF8DF0009EDCEB /* FDFuncations.h */,
				9645726F21AFD35C009EDCEB /* FDKit.h */,
			);
			path = Funcations;
			sourceTree = "<group>";
		};
		9645724A21AF98DB009EDCEB /* Categorys */ = {
			isa = PBXGroup;
			children = (
				9645724B21AF990C009EDCEB /* NSAttributedString+FDUtil.h */,
				9645724C21AF990C009EDCEB /* NSAttributedString+FDUtil.m */,
				9645725221AF9B51009EDCEB /* NSData+CommonCrypto.h */,
				9645725121AF9B51009EDCEB /* NSData+CommonCrypto.m */,
				9645724E21AF9AA7009EDCEB /* NSData+FDUtils.h */,
				9645724F21AF9AA7009EDCEB /* NSData+FDUtils.m */,
				9645725421AF9CE0009EDCEB /* NSString+FDUtils.h */,
				9645725521AF9CE0009EDCEB /* NSString+FDUtils.m */,
				9645726121AFBCA5009EDCEB /* UIScreen+FDUtils.h */,
				9645726221AFBCA5009EDCEB /* UIScreen+FDUtils.m */,
				9645725E21AFBAC3009EDCEB /* UIView+FDSeparatorView.h */,
				9645725F21AFBAC3009EDCEB /* UIView+FDSeparatorView.m */,
				9645726421AFC1AA009EDCEB /* UIViewController+FDNavigationBar.h */,
				9645726521AFC1AA009EDCEB /* UIViewController+FDNavigationBar.m */,
				9645728721B226B4009EDCEB /* UIView+FDUtils.h */,
				9645728821B226B4009EDCEB /* UIView+FDUtils.m */,
			);
			path = Categorys;
			sourceTree = "<group>";
		};
		9645725721AFB7DE009EDCEB /* EasyViews */ = {
			isa = PBXGroup;
			children = (
				9645727D21B0EAFF009EDCEB /* DownloadIndicator */,
				9645725821AFB804009EDCEB /* FDNavigationBar.h */,
				9645725921AFB804009EDCEB /* FDNavigationBar.m */,
			);
			path = EasyViews;
			sourceTree = "<group>";
		};
		9645726721AFCC6F009EDCEB /* NetService */ = {
			isa = PBXGroup;
			children = (
				9645726821AFCC86009EDCEB /* FDNetService.h */,
				9645726921AFCC86009EDCEB /* FDNetService.m */,
				9645728421B223B8009EDCEB /* FDFileDownloader.h */,
				9645728521B223B8009EDCEB /* FDFileDownloader.m */,
			);
			path = NetService;
			sourceTree = "<group>";
		};
		9645726B21AFD1E4009EDCEB /* DemoControllers */ = {
			isa = PBXGroup;
			children = (
				9645727021B03232009EDCEB /* Views */,
				9645726C21AFD211009EDCEB /* FDRequestController.h */,
				9645726D21AFD211009EDCEB /* FDRequestController.m */,
				9645727421B0D05D009EDCEB /* FDDownloadController.h */,
				9645727521B0D05D009EDCEB /* FDDownloadController.m */,
			);
			path = DemoControllers;
			sourceTree = "<group>";
		};
		9645727021B03232009EDCEB /* Views */ = {
			isa = PBXGroup;
			children = (
				9645727121B037DB009EDCEB /* FDRequestParamView.h */,
				9645727221B037DB009EDCEB /* FDRequestParamView.m */,
				9645727A21B0E74E009EDCEB /* FDDownloadRequestView.h */,
				9645727B21B0E74E009EDCEB /* FDDownloadRequestView.m */,
			);
			path = Views;
			sourceTree = "<group>";
		};
		9645727D21B0EAFF009EDCEB /* DownloadIndicator */ = {
			isa = PBXGroup;
			children = (
				9645728021B0EB21009EDCEB /* RMDisplayLabel.h */,
				9645727F21B0EB21009EDCEB /* RMDisplayLabel.m */,
				9645727E21B0EB21009EDCEB /* RMDownloadIndicator.h */,
				9645728121B0EB21009EDCEB /* RMDownloadIndicator.m */,
			);
			path = DownloadIndicator;
			sourceTree = "<group>";
		};
/* End PBXGroup section */

/* Begin PBXNativeTarget section */
		9645721121AF8BF8009EDCEB /* FastDemo */ = {
			isa = PBXNativeTarget;
			buildConfigurationList = 9645723E21AF8BF9009EDCEB /* Build configuration list for PBXNativeTarget "FastDemo" */;
			buildPhases = (
				984DF209D11BF7F3FB368608 /* [CP] Check Pods Manifest.lock */,
				9645720E21AF8BF8009EDCEB /* Sources */,
				9645720F21AF8BF8009EDCEB /* Frameworks */,
				9645721021AF8BF8009EDCEB /* Resources */,
				74DC706B8FEAA3E75B580C54 /* [CP] Copy Pods Resources */,
			);
			buildRules = (
			);
			dependencies = (
			);
			name = FastDemo;
			productName = FastDemo;
			productReference = 9645721221AF8BF8009EDCEB /* FastDemo.app */;
			productType = "com.apple.product-type.application";
		};
		9645722921AF8BF9009EDCEB /* FastDemoTests */ = {
			isa = PBXNativeTarget;
			buildConfigurationList = 9645724121AF8BF9009EDCEB /* Build configuration list for PBXNativeTarget "FastDemoTests" */;
			buildPhases = (
				9645722621AF8BF9009EDCEB /* Sources */,
				9645722721AF8BF9009EDCEB /* Frameworks */,
				9645722821AF8BF9009EDCEB /* Resources */,
			);
			buildRules = (
			);
			dependencies = (
				9645722C21AF8BF9009EDCEB /* PBXTargetDependency */,
			);
			name = FastDemoTests;
			productName = FastDemoTests;
			productReference = 9645722A21AF8BF9009EDCEB /* FastDemoTests.xctest */;
			productType = "com.apple.product-type.bundle.unit-test";
		};
		9645723421AF8BF9009EDCEB /* FastDemoUITests */ = {
			isa = PBXNativeTarget;
			buildConfigurationList = 9645724421AF8BF9009EDCEB /* Build configuration list for PBXNativeTarget "FastDemoUITests" */;
			buildPhases = (
				9645723121AF8BF9009EDCEB /* Sources */,
				9645723221AF8BF9009EDCEB /* Frameworks */,
				9645723321AF8BF9009EDCEB /* Resources */,
			);
			buildRules = (
			);
			dependencies = (
				9645723721AF8BF9009EDCEB /* PBXTargetDependency */,
			);
			name = FastDemoUITests;
			productName = FastDemoUITests;
			productReference = 9645723521AF8BF9009EDCEB /* FastDemoUITests.xctest */;
			productType = "com.apple.product-type.bundle.ui-testing";
		};
/* End PBXNativeTarget section */

/* Begin PBXProject section */
		9645720A21AF8BF8009EDCEB /* Project object */ = {
			isa = PBXProject;
			attributes = {
				LastUpgradeCheck = 1010;
				ORGANIZATIONNAME = Jason;
				TargetAttributes = {
					9645721121AF8BF8009EDCEB = {
						CreatedOnToolsVersion = 10.1;
					};
					9645722921AF8BF9009EDCEB = {
						CreatedOnToolsVersion = 10.1;
						TestTargetID = 9645721121AF8BF8009EDCEB;
					};
					9645723421AF8BF9009EDCEB = {
						CreatedOnToolsVersion = 10.1;
						TestTargetID = 9645721121AF8BF8009EDCEB;
					};
				};
			};
			buildConfigurationList = 9645720D21AF8BF8009EDCEB /* Build configuration list for PBXProject "FastDemo" */;
			compatibilityVersion = "Xcode 9.3";
			developmentRegion = en;
			hasScannedForEncodings = 0;
			knownRegions = (
				en,
				Base,
			);
			mainGroup = 9645720921AF8BF8009EDCEB;
			productRefGroup = 9645721321AF8BF8009EDCEB /* Products */;
			projectDirPath = "";
			projectRoot = "";
			targets = (
				9645721121AF8BF8009EDCEB /* FastDemo */,
				9645722921AF8BF9009EDCEB /* FastDemoTests */,
				9645723421AF8BF9009EDCEB /* FastDemoUITests */,
			);
		};
/* End PBXProject section */

/* Begin PBXResourcesBuildPhase section */
		9645721021AF8BF8009EDCEB /* Resources */ = {
			isa = PBXResourcesBuildPhase;
			buildActionMask = 2147483647;
			files = (
				9645722221AF8BF9009EDCEB /* LaunchScreen.storyboard in Resources */,
				9645721F21AF8BF9009EDCEB /* Assets.xcassets in Resources */,
				9645721D21AF8BF8009EDCEB /* Main.storyboard in Resources */,
			);
			runOnlyForDeploymentPostprocessing = 0;
		};
		9645722821AF8BF9009EDCEB /* Resources */ = {
			isa = PBXResourcesBuildPhase;
			buildActionMask = 2147483647;
			files = (
			);
			runOnlyForDeploymentPostprocessing = 0;
		};
		9645723321AF8BF9009EDCEB /* Resources */ = {
			isa = PBXResourcesBuildPhase;
			buildActionMask = 2147483647;
			files = (
			);
			runOnlyForDeploymentPostprocessing = 0;
		};
/* End PBXResourcesBuildPhase section */

/* Begin PBXShellScriptBuildPhase section */
		74DC706B8FEAA3E75B580C54 /* [CP] Copy Pods Resources */ = {
			isa = PBXShellScriptBuildPhase;
			buildActionMask = 2147483647;
			files = (
			);
			inputFileListPaths = (
			);
			inputPaths = (
				"${SRCROOT}/Pods/Target Support Files/Pods-FastDemo/Pods-FastDemo-resources.sh",
				"${PODS_ROOT}/SVProgressHUD/SVProgressHUD/SVProgressHUD.bundle",
			);
			name = "[CP] Copy Pods Resources";
			outputFileListPaths = (
			);
			outputPaths = (
				"${TARGET_BUILD_DIR}/${UNLOCALIZED_RESOURCES_FOLDER_PATH}/SVProgressHUD.bundle",
			);
			runOnlyForDeploymentPostprocessing = 0;
			shellPath = /bin/sh;
			shellScript = "\"${SRCROOT}/Pods/Target Support Files/Pods-FastDemo/Pods-FastDemo-resources.sh\"\n";
			showEnvVarsInLog = 0;
		};
		984DF209D11BF7F3FB368608 /* [CP] Check Pods Manifest.lock */ = {
			isa = PBXShellScriptBuildPhase;
			buildActionMask = 2147483647;
			files = (
			);
			inputFileListPaths = (
			);
			inputPaths = (
				"${PODS_PODFILE_DIR_PATH}/Podfile.lock",
				"${PODS_ROOT}/Manifest.lock",
			);
			name = "[CP] Check Pods Manifest.lock";
			outputFileListPaths = (
			);
			outputPaths = (
				"$(DERIVED_FILE_DIR)/Pods-FastDemo-checkManifestLockResult.txt",
			);
			runOnlyForDeploymentPostprocessing = 0;
			shellPath = /bin/sh;
			shellScript = "diff \"${PODS_PODFILE_DIR_PATH}/Podfile.lock\" \"${PODS_ROOT}/Manifest.lock\" > /dev/null\nif [ $? != 0 ] ; then\n    # print error to STDERR\n    echo \"error: The sandbox is not in sync with the Podfile.lock. Run 'pod install' or update your CocoaPods installation.\" >&2\n    exit 1\nfi\n# This output is used by Xcode 'outputs' to avoid re-running this script phase.\necho \"SUCCESS\" > \"${SCRIPT_OUTPUT_FILE_0}\"\n";
			showEnvVarsInLog = 0;
		};
/* End PBXShellScriptBuildPhase section */

/* Begin PBXSourcesBuildPhase section */
		9645720E21AF8BF8009EDCEB /* Sources */ = {
			isa = PBXSourcesBuildPhase;
			buildActionMask = 2147483647;
			files = (
				9645728621B223B8009EDCEB /* FDFileDownloader.m in Sources */,
				9645721A21AF8BF8009EDCEB /* ViewController.m in Sources */,
				9645724D21AF990C009EDCEB /* NSAttributedString+FDUtil.m in Sources */,
				9645727321B037DB009EDCEB /* FDRequestParamView.m in Sources */,
				9645725621AF9CE0009EDCEB /* NSString+FDUtils.m in Sources */,
				9645726A21AFCC86009EDCEB /* FDNetService.m in Sources */,
				9645725A21AFB804009EDCEB /* FDNavigationBar.m in Sources */,
				9645725321AF9B51009EDCEB /* NSData+CommonCrypto.m in Sources */,
				9645726E21AFD211009EDCEB /* FDRequestController.m in Sources */,
				9645726321AFBCA5009EDCEB /* UIScreen+FDUtils.m in Sources */,
				9645727C21B0E74E009EDCEB /* FDDownloadRequestView.m in Sources */,
				9645722521AF8BF9009EDCEB /* main.m in Sources */,
				9645725021AF9AA7009EDCEB /* NSData+FDUtils.m in Sources */,
				9645728321B0EB21009EDCEB /* RMDownloadIndicator.m in Sources */,
				9645728921B226B4009EDCEB /* UIView+FDUtils.m in Sources */,
				9645727621B0D05D009EDCEB /* FDDownloadController.m in Sources */,
				9645726621AFC1AA009EDCEB /* UIViewController+FDNavigationBar.m in Sources */,
				9645721721AF8BF8009EDCEB /* AppDelegate.m in Sources */,
				9645726021AFBAC3009EDCEB /* UIView+FDSeparatorView.m in Sources */,
				9645728221B0EB21009EDCEB /* RMDisplayLabel.m in Sources */,
			);
			runOnlyForDeploymentPostprocessing = 0;
		};
		9645722621AF8BF9009EDCEB /* Sources */ = {
			isa = PBXSourcesBuildPhase;
			buildActionMask = 2147483647;
			files = (
				9645722F21AF8BF9009EDCEB /* FastDemoTests.m in Sources */,
			);
			runOnlyForDeploymentPostprocessing = 0;
		};
		9645723121AF8BF9009EDCEB /* Sources */ = {
			isa = PBXSourcesBuildPhase;
			buildActionMask = 2147483647;
			files = (
				9645723A21AF8BF9009EDCEB /* FastDemoUITests.m in Sources */,
			);
			runOnlyForDeploymentPostprocessing = 0;
		};
/* End PBXSourcesBuildPhase section */

/* Begin PBXTargetDependency section */
		9645722C21AF8BF9009EDCEB /* PBXTargetDependency */ = {
			isa = PBXTargetDependency;
			target = 9645721121AF8BF8009EDCEB /* FastDemo */;
			targetProxy = 9645722B21AF8BF9009EDCEB /* PBXContainerItemProxy */;
		};
		9645723721AF8BF9009EDCEB /* PBXTargetDependency */ = {
			isa = PBXTargetDependency;
			target = 9645721121AF8BF8009EDCEB /* FastDemo */;
			targetProxy = 9645723621AF8BF9009EDCEB /* PBXContainerItemProxy */;
		};
/* End PBXTargetDependency section */

/* Begin PBXVariantGroup section */
		9645721B21AF8BF8009EDCEB /* Main.storyboard */ = {
			isa = PBXVariantGroup;
			children = (
				9645721C21AF8BF8009EDCEB /* Base */,
			);
			name = Main.storyboard;
			sourceTree = "<group>";
		};
		9645722021AF8BF9009EDCEB /* LaunchScreen.storyboard */ = {
			isa = PBXVariantGroup;
			children = (
				9645722121AF8BF9009EDCEB /* Base */,
			);
			name = LaunchScreen.storyboard;
			sourceTree = "<group>";
		};
/* End PBXVariantGroup section */

/* Begin XCBuildConfiguration section */
		9645723C21AF8BF9009EDCEB /* Debug */ = {
			isa = XCBuildConfiguration;
			buildSettings = {
				ALWAYS_SEARCH_USER_PATHS = NO;
				CLANG_ANALYZER_NONNULL = YES;
				CLANG_ANALYZER_NUMBER_OBJECT_CONVERSION = YES_AGGRESSIVE;
				CLANG_CXX_LANGUAGE_STANDARD = "gnu++14";
				CLANG_CXX_LIBRARY = "libc++";
				CLANG_ENABLE_MODULES = YES;
				CLANG_ENABLE_OBJC_ARC = YES;
				CLANG_ENABLE_OBJC_WEAK = YES;
				CLANG_WARN_BLOCK_CAPTURE_AUTORELEASING = YES;
				CLANG_WARN_BOOL_CONVERSION = YES;
				CLANG_WARN_COMMA = YES;
				CLANG_WARN_CONSTANT_CONVERSION = YES;
				CLANG_WARN_DEPRECATED_OBJC_IMPLEMENTATIONS = YES;
				CLANG_WARN_DIRECT_OBJC_ISA_USAGE = YES_ERROR;
				CLANG_WARN_DOCUMENTATION_COMMENTS = YES;
				CLANG_WARN_EMPTY_BODY = YES;
				CLANG_WARN_ENUM_CONVERSION = YES;
				CLANG_WARN_INFINITE_RECURSION = YES;
				CLANG_WARN_INT_CONVERSION = YES;
				CLANG_WARN_NON_LITERAL_NULL_CONVERSION = YES;
				CLANG_WARN_OBJC_IMPLICIT_RETAIN_SELF = YES;
				CLANG_WARN_OBJC_LITERAL_CONVERSION = YES;
				CLANG_WARN_OBJC_ROOT_CLASS = YES_ERROR;
				CLANG_WARN_RANGE_LOOP_ANALYSIS = YES;
				CLANG_WARN_STRICT_PROTOTYPES = YES;
				CLANG_WARN_SUSPICIOUS_MOVE = YES;
				CLANG_WARN_UNGUARDED_AVAILABILITY = YES_AGGRESSIVE;
				CLANG_WARN_UNREACHABLE_CODE = YES;
				CLANG_WARN__DUPLICATE_METHOD_MATCH = YES;
				CODE_SIGN_IDENTITY = "iPhone Developer";
				COPY_PHASE_STRIP = NO;
				DEBUG_INFORMATION_FORMAT = dwarf;
				ENABLE_STRICT_OBJC_MSGSEND = YES;
				ENABLE_TESTABILITY = YES;
				GCC_C_LANGUAGE_STANDARD = gnu11;
				GCC_DYNAMIC_NO_PIC = NO;
				GCC_NO_COMMON_BLOCKS = YES;
				GCC_OPTIMIZATION_LEVEL = 0;
				GCC_PREPROCESSOR_DEFINITIONS = (
					"DEBUG=1",
					"$(inherited)",
				);
				GCC_WARN_64_TO_32_BIT_CONVERSION = YES;
				GCC_WARN_ABOUT_RETURN_TYPE = YES_ERROR;
				GCC_WARN_UNDECLARED_SELECTOR = YES;
				GCC_WARN_UNINITIALIZED_AUTOS = YES_AGGRESSIVE;
				GCC_WARN_UNUSED_FUNCTION = YES;
				GCC_WARN_UNUSED_VARIABLE = YES;
				IPHONEOS_DEPLOYMENT_TARGET = 9.0;
				MTL_ENABLE_DEBUG_INFO = INCLUDE_SOURCE;
				MTL_FAST_MATH = YES;
				ONLY_ACTIVE_ARCH = YES;
				SDKROOT = iphoneos;
			};
			name = Debug;
		};
		9645723D21AF8BF9009EDCEB /* Release */ = {
			isa = XCBuildConfiguration;
			buildSettings = {
				ALWAYS_SEARCH_USER_PATHS = NO;
				CLANG_ANALYZER_NONNULL = YES;
				CLANG_ANALYZER_NUMBER_OBJECT_CONVERSION = YES_AGGRESSIVE;
				CLANG_CXX_LANGUAGE_STANDARD = "gnu++14";
				CLANG_CXX_LIBRARY = "libc++";
				CLANG_ENABLE_MODULES = YES;
				CLANG_ENABLE_OBJC_ARC = YES;
				CLANG_ENABLE_OBJC_WEAK = YES;
				CLANG_WARN_BLOCK_CAPTURE_AUTORELEASING = YES;
				CLANG_WARN_BOOL_CONVERSION = YES;
				CLANG_WARN_COMMA = YES;
				CLANG_WARN_CONSTANT_CONVERSION = YES;
				CLANG_WARN_DEPRECATED_OBJC_IMPLEMENTATIONS = YES;
				CLANG_WARN_DIRECT_OBJC_ISA_USAGE = YES_ERROR;
				CLANG_WARN_DOCUMENTATION_COMMENTS = YES;
				CLANG_WARN_EMPTY_BODY = YES;
				CLANG_WARN_ENUM_CONVERSION = YES;
				CLANG_WARN_INFINITE_RECURSION = YES;
				CLANG_WARN_INT_CONVERSION = YES;
				CLANG_WARN_NON_LITERAL_NULL_CONVERSION = YES;
				CLANG_WARN_OBJC_IMPLICIT_RETAIN_SELF = YES;
				CLANG_WARN_OBJC_LITERAL_CONVERSION = YES;
				CLANG_WARN_OBJC_ROOT_CLASS = YES_ERROR;
				CLANG_WARN_RANGE_LOOP_ANALYSIS = YES;
				CLANG_WARN_STRICT_PROTOTYPES = YES;
				CLANG_WARN_SUSPICIOUS_MOVE = YES;
				CLANG_WARN_UNGUARDED_AVAILABILITY = YES_AGGRESSIVE;
				CLANG_WARN_UNREACHABLE_CODE = YES;
				CLANG_WARN__DUPLICATE_METHOD_MATCH = YES;
				CODE_SIGN_IDENTITY = "iPhone Developer";
				COPY_PHASE_STRIP = NO;
				DEBUG_INFORMATION_FORMAT = "dwarf-with-dsym";
				ENABLE_NS_ASSERTIONS = NO;
				ENABLE_STRICT_OBJC_MSGSEND = YES;
				GCC_C_LANGUAGE_STANDARD = gnu11;
				GCC_NO_COMMON_BLOCKS = YES;
				GCC_WARN_64_TO_32_BIT_CONVERSION = YES;
				GCC_WARN_ABOUT_RETURN_TYPE = YES_ERROR;
				GCC_WARN_UNDECLARED_SELECTOR = YES;
				GCC_WARN_UNINITIALIZED_AUTOS = YES_AGGRESSIVE;
				GCC_WARN_UNUSED_FUNCTION = YES;
				GCC_WARN_UNUSED_VARIABLE = YES;
				IPHONEOS_DEPLOYMENT_TARGET = 9.0;
				MTL_ENABLE_DEBUG_INFO = NO;
				MTL_FAST_MATH = YES;
				SDKROOT = iphoneos;
				VALIDATE_PRODUCT = YES;
			};
			name = Release;
		};
		9645723F21AF8BF9009EDCEB /* Debug */ = {
			isa = XCBuildConfiguration;
			baseConfigurationReference = 2707151C4027D76844E18682 /* Pods-FastDemo.debug.xcconfig */;
			buildSettings = {
				ASSETCATALOG_COMPILER_APPICON_NAME = AppIcon;
				CODE_SIGN_STYLE = Automatic;
				DEVELOPMENT_TEAM = 453YYC45S6;
				HEADER_SEARCH_PATHS = "$(inherited)";
				INFOPLIST_FILE = FastDemo/Info.plist;
				LD_RUNPATH_SEARCH_PATHS = (
					"$(inherited)",
					"@executable_path/Frameworks",
				);
				LIBRARY_SEARCH_PATHS = "$(inherited)";
				PRODUCT_BUNDLE_IDENTIFIER = FD.FastDemo;
				PRODUCT_NAME = "$(TARGET_NAME)";
				TARGETED_DEVICE_FAMILY = "1,2";
			};
			name = Debug;
		};
		9645724021AF8BF9009EDCEB /* Release */ = {
			isa = XCBuildConfiguration;
			baseConfigurationReference = 9E9895EC9DC97AC80A86E92C /* Pods-FastDemo.release.xcconfig */;
			buildSettings = {
				ASSETCATALOG_COMPILER_APPICON_NAME = AppIcon;
				CODE_SIGN_STYLE = Automatic;
				DEVELOPMENT_TEAM = 453YYC45S6;
				HEADER_SEARCH_PATHS = "$(inherited)";
				INFOPLIST_FILE = FastDemo/Info.plist;
				LD_RUNPATH_SEARCH_PATHS = (
					"$(inherited)",
					"@executable_path/Frameworks",
				);
				LIBRARY_SEARCH_PATHS = "$(inherited)";
				PRODUCT_BUNDLE_IDENTIFIER = FD.FastDemo;
				PRODUCT_NAME = "$(TARGET_NAME)";
				TARGETED_DEVICE_FAMILY = "1,2";
			};
			name = Release;
		};
		9645724221AF8BF9009EDCEB /* Debug */ = {
			isa = XCBuildConfiguration;
			buildSettings = {
				BUNDLE_LOADER = "$(TEST_HOST)";
				CODE_SIGN_STYLE = Automatic;
				DEVELOPMENT_TEAM = 453YYC45S6;
				INFOPLIST_FILE = FastDemoTests/Info.plist;
				LD_RUNPATH_SEARCH_PATHS = (
					"$(inherited)",
					"@executable_path/Frameworks",
					"@loader_path/Frameworks",
				);
				PRODUCT_BUNDLE_IDENTIFIER = FD.FastDemoTests;
				PRODUCT_NAME = "$(TARGET_NAME)";
				TARGETED_DEVICE_FAMILY = "1,2";
				TEST_HOST = "$(BUILT_PRODUCTS_DIR)/FastDemo.app/FastDemo";
			};
			name = Debug;
		};
		9645724321AF8BF9009EDCEB /* Release */ = {
			isa = XCBuildConfiguration;
			buildSettings = {
				BUNDLE_LOADER = "$(TEST_HOST)";
				CODE_SIGN_STYLE = Automatic;
				DEVELOPMENT_TEAM = 453YYC45S6;
				INFOPLIST_FILE = FastDemoTests/Info.plist;
				LD_RUNPATH_SEARCH_PATHS = (
					"$(inherited)",
					"@executable_path/Frameworks",
					"@loader_path/Frameworks",
				);
				PRODUCT_BUNDLE_IDENTIFIER = FD.FastDemoTests;
				PRODUCT_NAME = "$(TARGET_NAME)";
				TARGETED_DEVICE_FAMILY = "1,2";
				TEST_HOST = "$(BUILT_PRODUCTS_DIR)/FastDemo.app/FastDemo";
			};
			name = Release;
		};
		9645724521AF8BF9009EDCEB /* Debug */ = {
			isa = XCBuildConfiguration;
			buildSettings = {
				CODE_SIGN_STYLE = Automatic;
				DEVELOPMENT_TEAM = 453YYC45S6;
				INFOPLIST_FILE = FastDemoUITests/Info.plist;
				LD_RUNPATH_SEARCH_PATHS = (
					"$(inherited)",
					"@executable_path/Frameworks",
					"@loader_path/Frameworks",
				);
				PRODUCT_BUNDLE_IDENTIFIER = FD.FastDemoUITests;
				PRODUCT_NAME = "$(TARGET_NAME)";
				TARGETED_DEVICE_FAMILY = "1,2";
				TEST_TARGET_NAME = FastDemo;
			};
			name = Debug;
		};
		9645724621AF8BF9009EDCEB /* Release */ = {
			isa = XCBuildConfiguration;
			buildSettings = {
				CODE_SIGN_STYLE = Automatic;
				DEVELOPMENT_TEAM = 453YYC45S6;
				INFOPLIST_FILE = FastDemoUITests/Info.plist;
				LD_RUNPATH_SEARCH_PATHS = (
					"$(inherited)",
					"@executable_path/Frameworks",
					"@loader_path/Frameworks",
				);
				PRODUCT_BUNDLE_IDENTIFIER = FD.FastDemoUITests;
				PRODUCT_NAME = "$(TARGET_NAME)";
				TARGETED_DEVICE_FAMILY = "1,2";
				TEST_TARGET_NAME = FastDemo;
			};
			name = Release;
		};
/* End XCBuildConfiguration section */

/* Begin XCConfigurationList section */
		9645720D21AF8BF8009EDCEB /* Build configuration list for PBXProject "FastDemo" */ = {
			isa = XCConfigurationList;
			buildConfigurations = (
				9645723C21AF8BF9009EDCEB /* Debug */,
				9645723D21AF8BF9009EDCEB /* Release */,
			);
			defaultConfigurationIsVisible = 0;
			defaultConfigurationName = Release;
		};
		9645723E21AF8BF9009EDCEB /* Build configuration list for PBXNativeTarget "FastDemo" */ = {
			isa = XCConfigurationList;
			buildConfigurations = (
				9645723F21AF8BF9009EDCEB /* Debug */,
				9645724021AF8BF9009EDCEB /* Release */,
			);
			defaultConfigurationIsVisible = 0;
			defaultConfigurationName = Release;
		};
		9645724121AF8BF9009EDCEB /* Build configuration list for PBXNativeTarget "FastDemoTests" */ = {
			isa = XCConfigurationList;
			buildConfigurations = (
				9645724221AF8BF9009EDCEB /* Debug */,
				9645724321AF8BF9009EDCEB /* Release */,
			);
			defaultConfigurationIsVisible = 0;
			defaultConfigurationName = Release;
		};
		9645724421AF8BF9009EDCEB /* Build configuration list for PBXNativeTarget "FastDemoUITests" */ = {
			isa = XCConfigurationList;
			buildConfigurations = (
				9645724521AF8BF9009EDCEB /* Debug */,
				9645724621AF8BF9009EDCEB /* Release */,
			);
			defaultConfigurationIsVisible = 0;
			defaultConfigurationName = Release;
		};
/* End XCConfigurationList section */
	};
	rootObject = 9645720A21AF8BF8009EDCEB /* Project object */;
}
